
Microsoft Visual Studio Solution File, Format Version 12.00
# Visual Studio 15
VisualStudioVersion = 15.0.27130.2026
MinimumVisualStudioVersion = 10.0.40219.1
Project("{FAE04EC0-301F-11D3-BF4B-00C04F79EFBC}") = "OlxParser", "OlxParser\OlxParser.csproj", "{45633E4A-2DA0-4C29-81AE-6B8BDBED3E28}"
EndProject
Project("{FAE04EC0-301F-11D3-BF4B-00C04F79EFBC}") = "BusinessFinder", "BusinessFinder\BusinessFinder.csproj", "{838B875F-8F04-4684-84D9-EC8F45D666A7}"
EndProject
Global
	GlobalSection(SolutionConfigurationPlatforms) = preSolution
		Debug|Any CPU = Debug|Any CPU
		Release|Any CPU = Release|Any CPU
	EndGlobalSection
	GlobalSection(ProjectConfigurationPlatforms) = postSolution
		{45633E4A-2DA0-4C29-81AE-6B8BDBED3E28}.Debug|Any CPU.ActiveCfg = Debug|Any CPU
		{45633E4A-2DA0-4C29-81AE-6B8BDBED3E28}.Debug|Any CPU.Build.0 = Debug|Any CPU
		{45633E4A-2DA0-4C29-81AE-6B8BDBED3E28}.Release|Any CPU.ActiveCfg = Release|Any CPU
		{45633E4A-2DA0-4C29-81AE-6B8BDBED3E28}.Release|Any CPU.Build.0 = Release|Any CPU
		{838B875F-8F04-4684-84D9-EC8F45D666A7}.Debug|Any CPU.ActiveCfg = Debug|Any CPU
		{838B875F-8F04-4684-84D9-EC8F45D666A7}.Debug|Any CPU.Build.0 = Debug|Any CPU
		{838B875F-8F04-4684-84D9-EC8F45D666A7}.Release|Any CPU.ActiveCfg = Release|Any CPU
		{838B875F-8F04-4684-84D9-EC8F45D666A7}.Release|Any CPU.Build.0 = Release|Any CPU
	EndGlobalSection
	GlobalSection(SolutionProperties) = preSolution
		HideSolutionNode = FALSE
	EndGlobalSection
	GlobalSection(ExtensibilityGlobals) = postSolution
		SolutionGuid = {C69AA3B1-54BA-434C-95BF-AC6C1230CFCC}
	EndGlobalSection
EndGlobal
